
Microsoft Visual Studio Solution File, Format Version 12.00
# Visual Studio Version 17
VisualStudioVersion = 17.6.33829.357
MinimumVisualStudioVersion = 10.0.40219.1
Project("{8BC9CEB8-8B4A-11D0-8D11-00A0C91BC942}") = "第四十六天", "第四十六天\第四十六天.vcxproj", "{DF11415B-B12B-48AE-8814-81569A664280}"
EndProject
Global
	GlobalSection(SolutionConfigurationPlatforms) = preSolution
		Debug|x64 = Debug|x64
		Debug|x86 = Debug|x86
		Release|x64 = Release|x64
		Release|x86 = Release|x86
	EndGlobalSection
	GlobalSection(ProjectConfigurationPlatforms) = postSolution
		{DF11415B-B12B-48AE-8814-81569A664280}.Debug|x64.ActiveCfg = Debug|x64
		{DF11415B-B12B-48AE-8814-81569A664280}.Debug|x64.Build.0 = Debug|x64
		{DF11415B-B12B-48AE-8814-81569A664280}.Debug|x86.ActiveCfg = Debug|Win32
		{DF11415B-B12B-48AE-8814-81569A664280}.Debug|x86.Build.0 = Debug|Win32
		{DF11415B-B12B-48AE-8814-81569A664280}.Release|x64.ActiveCfg = Release|x64
		{DF11415B-B12B-48AE-8814-81569A664280}.Release|x64.Build.0 = Release|x64
		{DF11415B-B12B-48AE-8814-81569A664280}.Release|x86.ActiveCfg = Release|Win32
		{DF11415B-B12B-48AE-8814-81569A664280}.Release|x86.Build.0 = Release|Win32
	EndGlobalSection
	GlobalSection(SolutionProperties) = preSolution
		HideSolutionNode = FALSE
	EndGlobalSection
	GlobalSection(ExtensibilityGlobals) = postSolution
		SolutionGuid = {17E914FC-03FE-4D12-A2CB-F896FA9628B6}
	EndGlobalSection
EndGlobal
